Microsoft Visual Studio Solution File, Format Version 12.00
# Visual Studio Version 17
VisualStudioVersion = 17.5.2.0
MinimumVisualStudioVersion = 10.0.40219.1
Project("{FAE04EC0-301F-11D3-BF4B-00C04F79EFBC}") = "PBL3_LTUD", "PBL3_LTUD.csproj", "{6BF16830-6095-3A58-4CAB-3EE065E4D1F2}"
EndProject
Global
	GlobalSection(SolutionConfigurationPlatforms) = preSolution
		Debug|Any CPU = Debug|Any CPU
		Release|Any CPU = Release|Any CPU
	EndGlobalSection
	GlobalSection(ProjectConfigurationPlatforms) = postSolution
		{6BF16830-6095-3A58-4CAB-3EE065E4D1F2}.Debug|Any CPU.ActiveCfg = Debug|Any CPU
		{6BF16830-6095-3A58-4CAB-3EE065E4D1F2}.Debug|Any CPU.Build.0 = Debug|Any CPU
		{6BF16830-6095-3A58-4CAB-3EE065E4D1F2}.Release|Any CPU.ActiveCfg = Release|Any CPU
		{6BF16830-6095-3A58-4CAB-3EE065E4D1F2}.Release|Any CPU.Build.0 = Release|Any CPU
	EndGlobalSection
	GlobalSection(SolutionProperties) = preSolution
		HideSolutionNode = FALSE
	EndGlobalSection
	GlobalSection(ExtensibilityGlobals) = postSolution
		SolutionGuid = {88D03AAA-9F0C-49F6-85EE-EB7F77D0D7A6}
	EndGlobalSection
EndGlobal
